
Microsoft Visual Studio Solution File, Format Version 12.00
# Visual Studio Version 17
VisualStudioVersion = 17.6.33815.320
MinimumVisualStudioVersion = 10.0.40219.1
Project("{9A19103F-16F7-4668-BE54-9A1E7A4F7556}") = "AspNetViteMpa", "AspNetViteMpa.csproj", "{84283668-714B-4254-A7C9-0F609E3D2143}"
EndProject
Global
	GlobalSection(SolutionConfigurationPlatforms) = preSolution
		Debug|Any CPU = Debug|Any CPU
		Release|Any CPU = Release|Any CPU
	EndGlobalSection
	GlobalSection(ProjectConfigurationPlatforms) = postSolution
		{84283668-714B-4254-A7C9-0F609E3D2143}.Debug|Any CPU.ActiveCfg = Debug|Any CPU
		{84283668-714B-4254-A7C9-0F609E3D2143}.Debug|Any CPU.Build.0 = Debug|Any CPU
		{84283668-714B-4254-A7C9-0F609E3D2143}.Release|Any CPU.ActiveCfg = Release|Any CPU
		{84283668-714B-4254-A7C9-0F609E3D2143}.Release|Any CPU.Build.0 = Release|Any CPU
	EndGlobalSection
	GlobalSection(SolutionProperties) = preSolution
		HideSolutionNode = FALSE
	EndGlobalSection
	GlobalSection(ExtensibilityGlobals) = postSolution
		SolutionGuid = {F4B1BF44-0401-4246-A9D8-E47CA2D60538}
	EndGlobalSection
EndGlobal
