
Microsoft Visual Studio Solution File, Format Version 12.00
# Visual Studio Version 17
VisualStudioVersion = 17.6.33815.320
MinimumVisualStudioVersion = 10.0.40219.1
Project("{FAE04EC0-301F-11D3-BF4B-00C04F79EFBC}") = "AspNetViteMpa", "AspNetViteMpa\AspNetViteMpa.csproj", "{C68F764D-E0F9-4934-8426-EED166E4172A}"
EndProject
Global
	GlobalSection(SolutionConfigurationPlatforms) = preSolution
		Debug|Any CPU = Debug|Any CPU
		Release|Any CPU = Release|Any CPU
	EndGlobalSection
	GlobalSection(ProjectConfigurationPlatforms) = postSolution
		{C68F764D-E0F9-4934-8426-EED166E4172A}.Debug|Any CPU.ActiveCfg = Debug|Any CPU
		{C68F764D-E0F9-4934-8426-EED166E4172A}.Debug|Any CPU.Build.0 = Debug|Any CPU
		{C68F764D-E0F9-4934-8426-EED166E4172A}.Release|Any CPU.ActiveCfg = Release|Any CPU
		{C68F764D-E0F9-4934-8426-EED166E4172A}.Release|Any CPU.Build.0 = Release|Any CPU
	EndGlobalSection
	GlobalSection(SolutionProperties) = preSolution
		HideSolutionNode = FALSE
	EndGlobalSection
	GlobalSection(ExtensibilityGlobals) = postSolution
		SolutionGuid = {F4B1BF44-0401-4246-A9D8-E47CA2D60538}
	EndGlobalSection
EndGlobal
